
Microsoft Visual Studio Solution File, Format Version 12.00
# Visual Studio Version 17
VisualStudioVersion = 17.0.32014.148
MinimumVisualStudioVersion = 10.0.40219.1
Project("{9A19103F-16F7-4668-BE54-9A1E7A4F7556}") = "ConsoleTableEditor", "ConsoleTableEditor\ConsoleTableEditor.csproj", "{AB4130F2-FE2D-47CC-A206-C37BFE28E5D5}"
EndProject
Project("{9A19103F-16F7-4668-BE54-9A1E7A4F7556}") = "ConsoleTableEditor.Core", "ConsoleTableEditor.Core\ConsoleTableEditor.Core.csproj", "{61D511D2-0C7B-425E-83FB-517331998BF6}"
EndProject
Global
	GlobalSection(SolutionConfigurationPlatforms) = preSolution
		Debug|Any CPU = Debug|Any CPU
		Release|Any CPU = Release|Any CPU
	EndGlobalSection
	GlobalSection(ProjectConfigurationPlatforms) = postSolution
		{AB4130F2-FE2D-47CC-A206-C37BFE28E5D5}.Debug|Any CPU.ActiveCfg = Debug|Any CPU
		{AB4130F2-FE2D-47CC-A206-C37BFE28E5D5}.Debug|Any CPU.Build.0 = Debug|Any CPU
		{AB4130F2-FE2D-47CC-A206-C37BFE28E5D5}.Release|Any CPU.ActiveCfg = Release|Any CPU
		{AB4130F2-FE2D-47CC-A206-C37BFE28E5D5}.Release|Any CPU.Build.0 = Release|Any CPU
		{61D511D2-0C7B-425E-83FB-517331998BF6}.Debug|Any CPU.ActiveCfg = Debug|Any CPU
		{61D511D2-0C7B-425E-83FB-517331998BF6}.Debug|Any CPU.Build.0 = Debug|Any CPU
		{61D511D2-0C7B-425E-83FB-517331998BF6}.Release|Any CPU.ActiveCfg = Release|Any CPU
		{61D511D2-0C7B-425E-83FB-517331998BF6}.Release|Any CPU.Build.0 = Release|Any CPU
	EndGlobalSection
	GlobalSection(SolutionProperties) = preSolution
		HideSolutionNode = FALSE
	EndGlobalSection
	GlobalSection(ExtensibilityGlobals) = postSolution
		SolutionGuid = {4D3316D8-C1D1-487B-8292-A9B482D0FD55}
	EndGlobalSection
EndGlobal
